
Microsoft Visual Studio Solution File, Format Version 12.00
# Visual Studio 15
VisualStudioVersion = 15.0.27428.2027
MinimumVisualStudioVersion = 10.0.40219.1
Project("{FAE04EC0-301F-11D3-BF4B-00C04F79EFBC}") = "TrainTest", "TrainTest\TrainTest.csproj", "{E31A6C27-3653-43CB-827D-C2B1BBC39DBA}"
EndProject
Global
	GlobalSection(SolutionConfigurationPlatforms) = preSolution
		Debug|Any CPU = Debug|Any CPU
		Release|Any CPU = Release|Any CPU
	EndGlobalSection
	GlobalSection(ProjectConfigurationPlatforms) = postSolution
		{E31A6C27-3653-43CB-827D-C2B1BBC39DBA}.Debug|Any CPU.ActiveCfg = Debug|Any CPU
		{E31A6C27-3653-43CB-827D-C2B1BBC39DBA}.Debug|Any CPU.Build.0 = Debug|Any CPU
		{E31A6C27-3653-43CB-827D-C2B1BBC39DBA}.Release|Any CPU.ActiveCfg = Release|Any CPU
		{E31A6C27-3653-43CB-827D-C2B1BBC39DBA}.Release|Any CPU.Build.0 = Release|Any CPU
	EndGlobalSection
	GlobalSection(SolutionProperties) = preSolution
		HideSolutionNode = FALSE
	EndGlobalSection
	GlobalSection(ExtensibilityGlobals) = postSolution
		SolutionGuid = {38AD7667-149A-49FE-953E-86B1DC3DF174}
	EndGlobalSection
EndGlobal
